
Microsoft Visual Studio Solution File, Format Version 12.00
# Visual Studio Version 17
VisualStudioVersion = 17.7.34024.191
MinimumVisualStudioVersion = 10.0.40219.1
Project("{9A19103F-16F7-4668-BE54-9A1E7A4F7556}") = "Dipositivos", "Dipositivos.csproj", "{4EACCC1B-8B20-4FA9-B67A-FD42D5D8887E}"
EndProject
Global
	GlobalSection(SolutionConfigurationPlatforms) = preSolution
		Debug|Any CPU = Debug|Any CPU
		Release|Any CPU = Release|Any CPU
	EndGlobalSection
	GlobalSection(ProjectConfigurationPlatforms) = postSolution
		{4EACCC1B-8B20-4FA9-B67A-FD42D5D8887E}.Debug|Any CPU.ActiveCfg = Debug|Any CPU
		{4EACCC1B-8B20-4FA9-B67A-FD42D5D8887E}.Debug|Any CPU.Build.0 = Debug|Any CPU
		{4EACCC1B-8B20-4FA9-B67A-FD42D5D8887E}.Release|Any CPU.ActiveCfg = Release|Any CPU
		{4EACCC1B-8B20-4FA9-B67A-FD42D5D8887E}.Release|Any CPU.Build.0 = Release|Any CPU
	EndGlobalSection
	GlobalSection(SolutionProperties) = preSolution
		HideSolutionNode = FALSE
	EndGlobalSection
	GlobalSection(ExtensibilityGlobals) = postSolution
		SolutionGuid = {9089A39B-E45F-4B2E-9361-92396DF250BF}
	EndGlobalSection
EndGlobal
